
Microsoft Visual Studio Solution File, Format Version 12.00
# Visual Studio Version 16
VisualStudioVersion = 16.0.31729.503
MinimumVisualStudioVersion = 10.0.40219.1
Project("{FAE04EC0-301F-11D3-BF4B-00C04F79EFBC}") = "Generic", "Generic\Generic.csproj", "{65044E8D-4867-49B4-B155-68C9C8FB0BE4}"
EndProject
Project("{FAE04EC0-301F-11D3-BF4B-00C04F79EFBC}") = "Boids", "Boids\Boids.csproj", "{A67D6C4D-8687-43D9-BEA4-4BB9B9E86617}"
EndProject
Global
	GlobalSection(SolutionConfigurationPlatforms) = preSolution
		Debug|Any CPU = Debug|Any CPU
		Release|Any CPU = Release|Any CPU
	EndGlobalSection
	GlobalSection(ProjectConfigurationPlatforms) = postSolution
		{65044E8D-4867-49B4-B155-68C9C8FB0BE4}.Debug|Any CPU.ActiveCfg = Debug|Any CPU
		{65044E8D-4867-49B4-B155-68C9C8FB0BE4}.Debug|Any CPU.Build.0 = Debug|Any CPU
		{65044E8D-4867-49B4-B155-68C9C8FB0BE4}.Release|Any CPU.ActiveCfg = Release|Any CPU
		{65044E8D-4867-49B4-B155-68C9C8FB0BE4}.Release|Any CPU.Build.0 = Release|Any CPU
		{A67D6C4D-8687-43D9-BEA4-4BB9B9E86617}.Debug|Any CPU.ActiveCfg = Debug|Any CPU
		{A67D6C4D-8687-43D9-BEA4-4BB9B9E86617}.Debug|Any CPU.Build.0 = Debug|Any CPU
		{A67D6C4D-8687-43D9-BEA4-4BB9B9E86617}.Release|Any CPU.ActiveCfg = Release|Any CPU
		{A67D6C4D-8687-43D9-BEA4-4BB9B9E86617}.Release|Any CPU.Build.0 = Release|Any CPU
	EndGlobalSection
	GlobalSection(SolutionProperties) = preSolution
		HideSolutionNode = FALSE
	EndGlobalSection
	GlobalSection(ExtensibilityGlobals) = postSolution
		SolutionGuid = {8C6FE800-AF41-4EA9-B043-6563917B0D36}
	EndGlobalSection
EndGlobal
